// !$*UTF8*$!
{
	archiveVersion = 1;
	classes = {
	};
	objectVersion = 48;
	objects = {

/* Begin PBXBuildFile section */
		74628DA6EC8B6EAD72AC60F0 /* Pods_Noosphera_traineeTests.framework in Frameworks */ = {isa = PBXBuildFile; fileRef = E5CB24E58850E2B6E2F85424 /* Pods_Noosphera_traineeTests.framework */; };
		801B7D48CD7EED87F82790FA /* Pods_Noosphera_traineeUITests.framework in Frameworks */ = {isa = PBXBuildFile; fileRef = 4B58D906B1C493B3939EADFF /* Pods_Noosphera_traineeUITests.framework */; };
		82F547B9CDB6CF6DA5C1BDF2 /* Pods_Noosphera_trainee.framework in Frameworks */ = {isa = PBXBuildFile; fileRef = 8E5C6F78586ABADEE8633E23 /* Pods_Noosphera_trainee.framework */; };
		8FAEFE3BB882C1CBFF163EFF /* Pods_Noosphera_trainee_Noosphera_traineeTests.framework in Frameworks */ = {isa = PBXBuildFile; fileRef = 14EBC11602F956F57A249519 /* Pods_Noosphera_trainee_Noosphera_traineeTests.framework */; };
		DD4B298E205BBA3B00E159AF /* AppDelegate.swift in Sources */ = {isa = PBXBuildFile; fileRef = DD4B298D205BBA3B00E159AF /* AppDelegate.swift */; };
		DD4B2993205BBA3B00E159AF /* Main.storyboard in Resources */ = {isa = PBXBuildFile; fileRef = DD4B2991205BBA3B00E159AF /* Main.storyboard */; };
		DD4B2996205BBA3B00E159AF /* Noosphera_trainee.xcdatamodeld in Sources */ = {isa = PBXBuildFile; fileRef = DD4B2994205BBA3B00E159AF /* Noosphera_trainee.xcdatamodeld */; };
		DD4B2998205BBA3B00E159AF /* Assets.xcassets in Resources */ = {isa = PBXBuildFile; fileRef = DD4B2997205BBA3B00E159AF /* Assets.xcassets */; };
		DD4B299B205BBA3B00E159AF /* LaunchScreen.storyboard in Resources */ = {isa = PBXBuildFile; fileRef = DD4B2999205BBA3B00E159AF /* LaunchScreen.storyboard */; };
		DD4B29A6205BBA3B00E159AF /* Noosphera_traineeTests.swift in Sources */ = {isa = PBXBuildFile; fileRef = DD4B29A5205BBA3B00E159AF /* Noosphera_traineeTests.swift */; };
		DD4B29B1205BBA3B00E159AF /* Noosphera_traineeUITests.swift in Sources */ = {isa = PBXBuildFile; fileRef = DD4B29B0205BBA3B00E159AF /* Noosphera_traineeUITests.swift */; };
		DD4B29BF205BBAD000E159AF /* AuthorizationVC.swift in Sources */ = {isa = PBXBuildFile; fileRef = DD4B29BE205BBAD000E159AF /* AuthorizationVC.swift */; };
		DD92AD6D205E8BEB00E6281A /* Requests.swift in Sources */ = {isa = PBXBuildFile; fileRef = DD92AD6C205E8BEB00E6281A /* Requests.swift */; };
		DD92AD6F205E971D00E6281A /* Reachability.swift in Sources */ = {isa = PBXBuildFile; fileRef = DD92AD6E205E971D00E6281A /* Reachability.swift */; };
		DD92AD7D205ED2DE00E6281A /* Alerts.swift in Sources */ = {isa = PBXBuildFile; fileRef = DD92AD7C205ED2DE00E6281A /* Alerts.swift */; };
		DD92AD80205ED45A00E6281A /* Localizable.strings in Resources */ = {isa = PBXBuildFile; fileRef = DD92AD82205ED45A00E6281A /* Localizable.strings */; };
		DD92AD85205F081E00E6281A /* TabBarVC.swift in Sources */ = {isa = PBXBuildFile; fileRef = DD92AD84205F081E00E6281A /* TabBarVC.swift */; };
		DDB02751205BBBFA0091F6B7 /* Podfile in Resources */ = {isa = PBXBuildFile; fileRef = DDB02750205BBBFA0091F6B7 /* Podfile */; };
		DDDF115B205F0BE200D7FCAA /* MainQuestionsVC.swift in Sources */ = {isa = PBXBuildFile; fileRef = DDDF115A205F0BE200D7FCAA /* MainQuestionsVC.swift */; };
/* End PBXBuildFile section */

/* Begin PBXContainerItemProxy section */
		DD4B29A2205BBA3B00E159AF /* PBXContainerItemProxy */ = {
			isa = PBXContainerItemProxy;
			containerPortal = DD4B2982205BBA3B00E159AF /* Project object */;
			proxyType = 1;
			remoteGlobalIDString = DD4B2989205BBA3B00E159AF;
			remoteInfo = "Noosphera-trainee";
		};
		DD4B29AD205BBA3B00E159AF /* PBXContainerItemProxy */ = {
			isa = PBXContainerItemProxy;
			containerPortal = DD4B2982205BBA3B00E159AF /* Project object */;
			proxyType = 1;
			remoteGlobalIDString = DD4B2989205BBA3B00E159AF;
			remoteInfo = "Noosphera-trainee";
		};
/* End PBXContainerItemProxy section */

/* Begin PBXFileReference section */
		0C67CD381D62E08AF803945F /* Pods-Noosphera-traineeUITests.release.xcconfig */ = {isa = PBXFileReference; includeInIndex = 1; lastKnownFileType = text.xcconfig; name = "Pods-Noosphera-traineeUITests.release.xcconfig"; path = "Pods/Target Support Files/Pods-Noosphera-traineeUITests/Pods-Noosphera-traineeUITests.release.xcconfig"; sourceTree = "<group>"; };
		14E859FB822A1BDFADCEC17A /* Pods-Noosphera-traineeUITests.debug.xcconfig */ = {isa = PBXFileReference; includeInIndex = 1; lastKnownFileType = text.xcconfig; name = "Pods-Noosphera-traineeUITests.debug.xcconfig"; path = "Pods/Target Support Files/Pods-Noosphera-traineeUITests/Pods-Noosphera-traineeUITests.debug.xcconfig"; sourceTree = "<group>"; };
		14EBC11602F956F57A249519 /* Pods_Noosphera_trainee_Noosphera_traineeTests.framework */ = {isa = PBXFileReference; explicitFileType = wrapper.framework; includeInIndex = 0; path = Pods_Noosphera_trainee_Noosphera_traineeTests.framework; sourceTree = BUILT_PRODUCTS_DIR; };
		1DA31B0BD2979BB6197753AC /* Pods-Noosphera-trainee-Noosphera-traineeTests.release.xcconfig */ = {isa = PBXFileReference; includeInIndex = 1; lastKnownFileType = text.xcconfig; name = "Pods-Noosphera-trainee-Noosphera-traineeTests.release.xcconfig"; path = "Pods/Target Support Files/Pods-Noosphera-trainee-Noosphera-traineeTests/Pods-Noosphera-trainee-Noosphera-traineeTests.release.xcconfig"; sourceTree = "<group>"; };
		36DD14D9CFA5DDADE246B032 /* Pods-Noosphera-trainee-Noosphera-traineeTests.debug.xcconfig */ = {isa = PBXFileReference; includeInIndex = 1; lastKnownFileType = text.xcconfig; name = "Pods-Noosphera-trainee-Noosphera-traineeTests.debug.xcconfig"; path = "Pods/Target Support Files/Pods-Noosphera-trainee-Noosphera-traineeTests/Pods-Noosphera-trainee-Noosphera-traineeTests.debug.xcconfig"; sourceTree = "<group>"; };
		463B0EFCC5891A41F051746B /* Pods-Noosphera-traineeTests.debug.xcconfig */ = {isa = PBXFileReference; includeInIndex = 1; lastKnownFileType = text.xcconfig; name = "Pods-Noosphera-traineeTests.debug.xcconfig"; path = "Pods/Target Support Files/Pods-Noosphera-traineeTests/Pods-Noosphera-traineeTests.debug.xcconfig"; sourceTree = "<group>"; };
		4B58D906B1C493B3939EADFF /* Pods_Noosphera_traineeUITests.framework */ = {isa = PBXFileReference; explicitFileType = wrapper.framework; includeInIndex = 0; path = Pods_Noosphera_traineeUITests.framework; sourceTree = BUILT_PRODUCTS_DIR; };
		69FF33B8A8CF0B9EB44059E2 /* Pods-Noosphera-traineeTests.release.xcconfig */ = {isa = PBXFileReference; includeInIndex = 1; lastKnownFileType = text.xcconfig; name = "Pods-Noosphera-traineeTests.release.xcconfig"; path = "Pods/Target Support Files/Pods-Noosphera-traineeTests/Pods-Noosphera-traineeTests.release.xcconfig"; sourceTree = "<group>"; };
		8E5C6F78586ABADEE8633E23 /* Pods_Noosphera_trainee.framework */ = {isa = PBXFileReference; explicitFileType = wrapper.framework; includeInIndex = 0; path = Pods_Noosphera_trainee.framework; sourceTree = BUILT_PRODUCTS_DIR; };
		92A4B631D6AA6245D9CD6FC3 /* Pods-Noosphera-trainee.debug.xcconfig */ = {isa = PBXFileReference; includeInIndex = 1; lastKnownFileType = text.xcconfig; name = "Pods-Noosphera-trainee.debug.xcconfig"; path = "Pods/Target Support Files/Pods-Noosphera-trainee/Pods-Noosphera-trainee.debug.xcconfig"; sourceTree = "<group>"; };
		A3BAE3941207C1D8B88CFE01 /* Pods-Noosphera-trainee.release.xcconfig */ = {isa = PBXFileReference; includeInIndex = 1; lastKnownFileType = text.xcconfig; name = "Pods-Noosphera-trainee.release.xcconfig"; path = "Pods/Target Support Files/Pods-Noosphera-trainee/Pods-Noosphera-trainee.release.xcconfig"; sourceTree = "<group>"; };
		DD4B298A205BBA3B00E159AF /* Noosphera-trainee.app */ = {isa = PBXFileReference; explicitFileType = wrapper.application; includeInIndex = 0; path = "Noosphera-trainee.app"; sourceTree = BUILT_PRODUCTS_DIR; };
		DD4B298D205BBA3B00E159AF /* AppDelegate.swift */ = {isa = PBXFileReference; lastKnownFileType = sourcecode.swift; path = AppDelegate.swift; sourceTree = "<group>"; };
		DD4B2992205BBA3B00E159AF /* Base */ = {isa = PBXFileReference; lastKnownFileType = file.storyboard; name = Base; path = Base.lproj/Main.storyboard; sourceTree = "<group>"; };
		DD4B2995205BBA3B00E159AF /* Noosphera_trainee.xcdatamodel */ = {isa = PBXFileReference; lastKnownFileType = wrapper.xcdatamodel; path = Noosphera_trainee.xcdatamodel; sourceTree = "<group>"; };
		DD4B2997205BBA3B00E159AF /* Assets.xcassets */ = {isa = PBXFileReference; lastKnownFileType = folder.assetcatalog; path = Assets.xcassets; sourceTree = "<group>"; };
		DD4B299A205BBA3B00E159AF /* Base */ = {isa = PBXFileReference; lastKnownFileType = file.storyboard; name = Base; path = Base.lproj/LaunchScreen.storyboard; sourceTree = "<group>"; };
		DD4B299C205BBA3B00E159AF /* Info.plist */ = {isa = PBXFileReference; lastKnownFileType = text.plist.xml; path = Info.plist; sourceTree = "<group>"; };
		DD4B29A1205BBA3B00E159AF /* Noosphera-traineeTests.xctest */ = {isa = PBXFileReference; explicitFileType = wrapper.cfbundle; includeInIndex = 0; path = "Noosphera-traineeTests.xctest"; sourceTree = BUILT_PRODUCTS_DIR; };
		DD4B29A5205BBA3B00E159AF /* Noosphera_traineeTests.swift */ = {isa = PBXFileReference; lastKnownFileType = sourcecode.swift; path = Noosphera_traineeTests.swift; sourceTree = "<group>"; };
		DD4B29A7205BBA3B00E159AF /* Info.plist */ = {isa = PBXFileReference; lastKnownFileType = text.plist.xml; path = Info.plist; sourceTree = "<group>"; };
		DD4B29AC205BBA3B00E159AF /* Noosphera-traineeUITests.xctest */ = {isa = PBXFileReference; explicitFileType = wrapper.cfbundle; includeInIndex = 0; path = "Noosphera-traineeUITests.xctest"; sourceTree = BUILT_PRODUCTS_DIR; };
		DD4B29B0205BBA3B00E159AF /* Noosphera_traineeUITests.swift */ = {isa = PBXFileReference; lastKnownFileType = sourcecode.swift; path = Noosphera_traineeUITests.swift; sourceTree = "<group>"; };
		DD4B29B2205BBA3B00E159AF /* Info.plist */ = {isa = PBXFileReference; lastKnownFileType = text.plist.xml; path = Info.plist; sourceTree = "<group>"; };
		DD4B29BE205BBAD000E159AF /* AuthorizationVC.swift */ = {isa = PBXFileReference; lastKnownFileType = sourcecode.swift; path = AuthorizationVC.swift; sourceTree = "<group>"; };
		DD92AD6C205E8BEB00E6281A /* Requests.swift */ = {isa = PBXFileReference; lastKnownFileType = sourcecode.swift; path = Requests.swift; sourceTree = "<group>"; };
		DD92AD6E205E971D00E6281A /* Reachability.swift */ = {isa = PBXFileReference; lastKnownFileType = sourcecode.swift; path = Reachability.swift; sourceTree = "<group>"; };
		DD92AD70205E9B5600E6281A /* ru */ = {isa = PBXFileReference; lastKnownFileType = text.plist.strings; name = ru; path = ru.lproj/Main.strings; sourceTree = "<group>"; };
		DD92AD71205E9B5600E6281A /* ru */ = {isa = PBXFileReference; lastKnownFileType = text.plist.strings; name = ru; path = ru.lproj/LaunchScreen.strings; sourceTree = "<group>"; };
		DD92AD73205EB1C800E6281A /* en */ = {isa = PBXFileReference; lastKnownFileType = text.plist.strings; name = en; path = en.lproj/Main.strings; sourceTree = "<group>"; };
		DD92AD7C205ED2DE00E6281A /* Alerts.swift */ = {isa = PBXFileReference; lastKnownFileType = sourcecode.swift; path = Alerts.swift; sourceTree = "<group>"; };
		DD92AD81205ED45A00E6281A /* en */ = {isa = PBXFileReference; lastKnownFileType = text.plist.strings; name = en; path = en.lproj/Localizable.strings; sourceTree = "<group>"; };
		DD92AD83205ED45B00E6281A /* ru */ = {isa = PBXFileReference; lastKnownFileType = text.plist.strings; name = ru; path = ru.lproj/Localizable.strings; sourceTree = "<group>"; };
		DD92AD84205F081E00E6281A /* TabBarVC.swift */ = {isa = PBXFileReference; lastKnownFileType = sourcecode.swift; path = TabBarVC.swift; sourceTree = "<group>"; };
		DDB02750205BBBFA0091F6B7 /* Podfile */ = {isa = PBXFileReference; fileEncoding = 4; lastKnownFileType = text; path = Podfile; sourceTree = SOURCE_ROOT; };
		DDDF115A205F0BE200D7FCAA /* MainQuestionsVC.swift */ = {isa = PBXFileReference; lastKnownFileType = sourcecode.swift; path = MainQuestionsVC.swift; sourceTree = "<group>"; };
		E5CB24E58850E2B6E2F85424 /* Pods_Noosphera_traineeTests.framework */ = {isa = PBXFileReference; explicitFileType = wrapper.framework; includeInIndex = 0; path = Pods_Noosphera_traineeTests.framework; sourceTree = BUILT_PRODUCTS_DIR; };
/* End PBXFileReference section */

/* Begin PBXFrameworksBuildPhase section */
		DD4B2987205BBA3B00E159AF /* Frameworks */ = {
			isa = PBXFrameworksBuildPhase;
			buildActionMask = 2147483647;
			files = (
				82F547B9CDB6CF6DA5C1BDF2 /* Pods_Noosphera_trainee.framework in Frameworks */,
			);
			runOnlyForDeploymentPostprocessing = 0;
		};
		DD4B299E205BBA3B00E159AF /* Frameworks */ = {
			isa = PBXFrameworksBuildPhase;
			buildActionMask = 2147483647;
			files = (
				74628DA6EC8B6EAD72AC60F0 /* Pods_Noosphera_traineeTests.framework in Frameworks */,
				8FAEFE3BB882C1CBFF163EFF /* Pods_Noosphera_trainee_Noosphera_traineeTests.framework in Frameworks */,
			);
			runOnlyForDeploymentPostprocessing = 0;
		};
		DD4B29A9205BBA3B00E159AF /* Frameworks */ = {
			isa = PBXFrameworksBuildPhase;
			buildActionMask = 2147483647;
			files = (
				801B7D48CD7EED87F82790FA /* Pods_Noosphera_traineeUITests.framework in Frameworks */,
			);
			runOnlyForDeploymentPostprocessing = 0;
		};
/* End PBXFrameworksBuildPhase section */

/* Begin PBXGroup section */
		034EA9857B47E15CE9F1C176 /* Frameworks */ = {
			isa = PBXGroup;
			children = (
				8E5C6F78586ABADEE8633E23 /* Pods_Noosphera_trainee.framework */,
				E5CB24E58850E2B6E2F85424 /* Pods_Noosphera_traineeTests.framework */,
				4B58D906B1C493B3939EADFF /* Pods_Noosphera_traineeUITests.framework */,
				14EBC11602F956F57A249519 /* Pods_Noosphera_trainee_Noosphera_traineeTests.framework */,
			);
			name = Frameworks;
			sourceTree = "<group>";
		};
		A5594FE035B5247CD89B4459 /* Pods */ = {
			isa = PBXGroup;
			children = (
				92A4B631D6AA6245D9CD6FC3 /* Pods-Noosphera-trainee.debug.xcconfig */,
				A3BAE3941207C1D8B88CFE01 /* Pods-Noosphera-trainee.release.xcconfig */,
				463B0EFCC5891A41F051746B /* Pods-Noosphera-traineeTests.debug.xcconfig */,
				69FF33B8A8CF0B9EB44059E2 /* Pods-Noosphera-traineeTests.release.xcconfig */,
				14E859FB822A1BDFADCEC17A /* Pods-Noosphera-traineeUITests.debug.xcconfig */,
				0C67CD381D62E08AF803945F /* Pods-Noosphera-traineeUITests.release.xcconfig */,
				36DD14D9CFA5DDADE246B032 /* Pods-Noosphera-trainee-Noosphera-traineeTests.debug.xcconfig */,
				1DA31B0BD2979BB6197753AC /* Pods-Noosphera-trainee-Noosphera-traineeTests.release.xcconfig */,
			);
			name = Pods;
			sourceTree = "<group>";
		};
		DD4B2981205BBA3B00E159AF = {
			isa = PBXGroup;
			children = (
				DD4B298C205BBA3B00E159AF /* Noosphera-trainee */,
				DD4B29A4205BBA3B00E159AF /* Noosphera-traineeTests */,
				DD4B29AF205BBA3B00E159AF /* Noosphera-traineeUITests */,
				DD4B298B205BBA3B00E159AF /* Products */,
				A5594FE035B5247CD89B4459 /* Pods */,
				034EA9857B47E15CE9F1C176 /* Frameworks */,
			);
			sourceTree = "<group>";
		};
		DD4B298B205BBA3B00E159AF /* Products */ = {
			isa = PBXGroup;
			children = (
				DD4B298A205BBA3B00E159AF /* Noosphera-trainee.app */,
				DD4B29A1205BBA3B00E159AF /* Noosphera-traineeTests.xctest */,
				DD4B29AC205BBA3B00E159AF /* Noosphera-traineeUITests.xctest */,
			);
			name = Products;
			sourceTree = "<group>";
		};
		DD4B298C205BBA3B00E159AF /* Noosphera-trainee */ = {
			isa = PBXGroup;
			children = (
				DD92AD7B205ED0A800E6281A /* Model */,
				DD92AD7A205ED0A200E6281A /* View */,
				DD92AD78205ED08E00E6281A /* Controller */,
				DD4B298D205BBA3B00E159AF /* AppDelegate.swift */,
				DDB02750205BBBFA0091F6B7 /* Podfile */,
				DD4B299C205BBA3B00E159AF /* Info.plist */,
				DD92AD76205ECFE900E6281A /* Resources */,
			);
			path = "Noosphera-trainee";
			sourceTree = "<group>";
		};
		DD4B29A4205BBA3B00E159AF /* Noosphera-traineeTests */ = {
			isa = PBXGroup;
			children = (
				DD4B29A5205BBA3B00E159AF /* Noosphera_traineeTests.swift */,
				DD4B29A7205BBA3B00E159AF /* Info.plist */,
			);
			path = "Noosphera-traineeTests";
			sourceTree = "<group>";
		};
		DD4B29AF205BBA3B00E159AF /* Noosphera-traineeUITests */ = {
			isa = PBXGroup;
			children = (
				DD4B29B0205BBA3B00E159AF /* Noosphera_traineeUITests.swift */,
				DD4B29B2205BBA3B00E159AF /* Info.plist */,
			);
			path = "Noosphera-traineeUITests";
			sourceTree = "<group>";
		};
		DD92AD76205ECFE900E6281A /* Resources */ = {
			isa = PBXGroup;
			children = (
				DD4B2999205BBA3B00E159AF /* LaunchScreen.storyboard */,
				DD4B2997205BBA3B00E159AF /* Assets.xcassets */,
				DD92AD82205ED45A00E6281A /* Localizable.strings */,
			);
			path = Resources;
			sourceTree = "<group>";
		};
		DD92AD78205ED08E00E6281A /* Controller */ = {
			isa = PBXGroup;
			children = (
				DD4B29BE205BBAD000E159AF /* AuthorizationVC.swift */,
				DD92AD84205F081E00E6281A /* TabBarVC.swift */,
				DDDF115A205F0BE200D7FCAA /* MainQuestionsVC.swift */,
				DD4B2991205BBA3B00E159AF /* Main.storyboard */,
			);
			path = Controller;
			sourceTree = "<group>";
		};
		DD92AD7A205ED0A200E6281A /* View */ = {
			isa = PBXGroup;
			children = (
				DD92AD6E205E971D00E6281A /* Reachability.swift */,
				DD92AD6C205E8BEB00E6281A /* Requests.swift */,
				DD92AD7C205ED2DE00E6281A /* Alerts.swift */,
			);
			path = View;
			sourceTree = "<group>";
		};
		DD92AD7B205ED0A800E6281A /* Model */ = {
			isa = PBXGroup;
			children = (
				DD4B2994205BBA3B00E159AF /* Noosphera_trainee.xcdatamodeld */,
			);
			path = Model;
			sourceTree = "<group>";
		};
/* End PBXGroup section */

/* Begin PBXNativeTarget section */
		DD4B2989205BBA3B00E159AF /* Noosphera-trainee */ = {
			isa = PBXNativeTarget;
			buildConfigurationList = DD4B29B5205BBA3B00E159AF /* Build configuration list for PBXNativeTarget "Noosphera-trainee" */;
			buildPhases = (
				1D006BC06FA138E576F6BAB6 /* [CP] Check Pods Manifest.lock */,
				DD4B2986205BBA3B00E159AF /* Sources */,
				DD4B2987205BBA3B00E159AF /* Frameworks */,
				DD4B2988205BBA3B00E159AF /* Resources */,
				60681E2C0E179B3DB1B786F8 /* [CP] Embed Pods Frameworks */,
				3C573E49384BDA6ED2E813C1 /* [CP] Copy Pods Resources */,
			);
			buildRules = (
			);
			dependencies = (
			);
			name = "Noosphera-trainee";
			productName = "Noosphera-trainee";
			productReference = DD4B298A205BBA3B00E159AF /* Noosphera-trainee.app */;
			productType = "com.apple.product-type.application";
		};
		DD4B29A0205BBA3B00E159AF /* Noosphera-traineeTests */ = {
			isa = PBXNativeTarget;
			buildConfigurationList = DD4B29B8205BBA3B00E159AF /* Build configuration list for PBXNativeTarget "Noosphera-traineeTests" */;
			buildPhases = (
				85EB7B21B6AFAFF24340EDA0 /* [CP] Check Pods Manifest.lock */,
				DD4B299D205BBA3B00E159AF /* Sources */,
				DD4B299E205BBA3B00E159AF /* Frameworks */,
				DD4B299F205BBA3B00E159AF /* Resources */,
				337B9D92755F8548762BFD20 /* [CP] Embed Pods Frameworks */,
				0F344F1798E7EAAF0EEEA343 /* [CP] Copy Pods Resources */,
			);
			buildRules = (
			);
			dependencies = (
				DD4B29A3205BBA3B00E159AF /* PBXTargetDependency */,
			);
			name = "Noosphera-traineeTests";
			productName = "Noosphera-traineeTests";
			productReference = DD4B29A1205BBA3B00E159AF /* Noosphera-traineeTests.xctest */;
			productType = "com.apple.product-type.bundle.unit-test";
		};
		DD4B29AB205BBA3B00E159AF /* Noosphera-traineeUITests */ = {
			isa = PBXNativeTarget;
			buildConfigurationList = DD4B29BB205BBA3B00E159AF /* Build configuration list for PBXNativeTarget "Noosphera-traineeUITests" */;
			buildPhases = (
				04419D2B0C0B4728D8FA252B /* [CP] Check Pods Manifest.lock */,
				DD4B29A8205BBA3B00E159AF /* Sources */,
				DD4B29A9205BBA3B00E159AF /* Frameworks */,
				DD4B29AA205BBA3B00E159AF /* Resources */,
				E69982D945E75050A7881DAB /* [CP] Embed Pods Frameworks */,
				9E1208259D6FCC45ADB5DED1 /* [CP] Copy Pods Resources */,
			);
			buildRules = (
			);
			dependencies = (
				DD4B29AE205BBA3B00E159AF /* PBXTargetDependency */,
			);
			name = "Noosphera-traineeUITests";
			productName = "Noosphera-traineeUITests";
			productReference = DD4B29AC205BBA3B00E159AF /* Noosphera-traineeUITests.xctest */;
			productType = "com.apple.product-type.bundle.ui-testing";
		};
/* End PBXNativeTarget section */

/* Begin PBXProject section */
		DD4B2982205BBA3B00E159AF /* Project object */ = {
			isa = PBXProject;
			attributes = {
				LastSwiftUpdateCheck = 0920;
				LastUpgradeCheck = 0920;
				ORGANIZATIONNAME = "Лев Купчинов";
				TargetAttributes = {
					DD4B2989205BBA3B00E159AF = {
						CreatedOnToolsVersion = 9.2;
						ProvisioningStyle = Automatic;
					};
					DD4B29A0205BBA3B00E159AF = {
						CreatedOnToolsVersion = 9.2;
						ProvisioningStyle = Automatic;
						TestTargetID = DD4B2989205BBA3B00E159AF;
					};
					DD4B29AB205BBA3B00E159AF = {
						CreatedOnToolsVersion = 9.2;
						ProvisioningStyle = Automatic;
						TestTargetID = DD4B2989205BBA3B00E159AF;
					};
				};
			};
			buildConfigurationList = DD4B2985205BBA3B00E159AF /* Build configuration list for PBXProject "Noosphera-trainee" */;
			compatibilityVersion = "Xcode 8.0";
			developmentRegion = en;
			hasScannedForEncodings = 0;
			knownRegions = (
				en,
				Base,
				ru,
			);
			mainGroup = DD4B2981205BBA3B00E159AF;
			productRefGroup = DD4B298B205BBA3B00E159AF /* Products */;
			projectDirPath = "";
			projectRoot = "";
			targets = (
				DD4B2989205BBA3B00E159AF /* Noosphera-trainee */,
				DD4B29A0205BBA3B00E159AF /* Noosphera-traineeTests */,
				DD4B29AB205BBA3B00E159AF /* Noosphera-traineeUITests */,
			);
		};
/* End PBXProject section */

/* Begin PBXResourcesBuildPhase section */
		DD4B2988205BBA3B00E159AF /* Resources */ = {
			isa = PBXResourcesBuildPhase;
			buildActionMask = 2147483647;
			files = (
				DD92AD80205ED45A00E6281A /* Localizable.strings in Resources */,
				DD4B299B205BBA3B00E159AF /* LaunchScreen.storyboard in Resources */,
				DD4B2998205BBA3B00E159AF /* Assets.xcassets in Resources */,
				DDB02751205BBBFA0091F6B7 /* Podfile in Resources */,
				DD4B2993205BBA3B00E159AF /* Main.storyboard in Resources */,
			);
			runOnlyForDeploymentPostprocessing = 0;
		};
		DD4B299F205BBA3B00E159AF /* Resources */ = {
			isa = PBXResourcesBuildPhase;
			buildActionMask = 2147483647;
			files = (
			);
			runOnlyForDeploymentPostprocessing = 0;
		};
		DD4B29AA205BBA3B00E159AF /* Resources */ = {
			isa = PBXResourcesBuildPhase;
			buildActionMask = 2147483647;
			files = (
			);
			runOnlyForDeploymentPostprocessing = 0;
		};
/* End PBXResourcesBuildPhase section */

/* Begin PBXShellScriptBuildPhase section */
		04419D2B0C0B4728D8FA252B /* [CP] Check Pods Manifest.lock */ = {
			isa = PBXShellScriptBuildPhase;
			buildActionMask = 2147483647;
			files = (
			);
			inputPaths = (
				"${PODS_PODFILE_DIR_PATH}/Podfile.lock",
				"${PODS_ROOT}/Manifest.lock",
			);
			name = "[CP] Check Pods Manifest.lock";
			outputPaths = (
				"$(DERIVED_FILE_DIR)/Pods-Noosphera-traineeUITests-checkManifestLockResult.txt",
			);
			runOnlyForDeploymentPostprocessing = 0;
			shellPath = /bin/sh;
			shellScript = "diff \"${PODS_PODFILE_DIR_PATH}/Podfile.lock\" \"${PODS_ROOT}/Manifest.lock\" > /dev/null\nif [ $? != 0 ] ; then\n    # print error to STDERR\n    echo \"error: The sandbox is not in sync with the Podfile.lock. Run 'pod install' or update your CocoaPods installation.\" >&2\n    exit 1\nfi\n# This output is used by Xcode 'outputs' to avoid re-running this script phase.\necho \"SUCCESS\" > \"${SCRIPT_OUTPUT_FILE_0}\"\n";
			showEnvVarsInLog = 0;
		};
		0F344F1798E7EAAF0EEEA343 /* [CP] Copy Pods Resources */ = {
			isa = PBXShellScriptBuildPhase;
			buildActionMask = 2147483647;
			files = (
			);
			inputPaths = (
			);
			name = "[CP] Copy Pods Resources";
			outputPaths = (
			);
			runOnlyForDeploymentPostprocessing = 0;
			shellPath = /bin/sh;
			shellScript = "\"${SRCROOT}/Pods/Target Support Files/Pods-Noosphera-traineeTests/Pods-Noosphera-traineeTests-resources.sh\"\n";
			showEnvVarsInLog = 0;
		};
		1D006BC06FA138E576F6BAB6 /* [CP] Check Pods Manifest.lock */ = {
			isa = PBXShellScriptBuildPhase;
			buildActionMask = 2147483647;
			files = (
			);
			inputPaths = (
				"${PODS_PODFILE_DIR_PATH}/Podfile.lock",
				"${PODS_ROOT}/Manifest.lock",
			);
			name = "[CP] Check Pods Manifest.lock";
			outputPaths = (
				"$(DERIVED_FILE_DIR)/Pods-Noosphera-trainee-checkManifestLockResult.txt",
			);
			runOnlyForDeploymentPostprocessing = 0;
			shellPath = /bin/sh;
			shellScript = "diff \"${PODS_PODFILE_DIR_PATH}/Podfile.lock\" \"${PODS_ROOT}/Manifest.lock\" > /dev/null\nif [ $? != 0 ] ; then\n    # print error to STDERR\n    echo \"error: The sandbox is not in sync with the Podfile.lock. Run 'pod install' or update your CocoaPods installation.\" >&2\n    exit 1\nfi\n# This output is used by Xcode 'outputs' to avoid re-running this script phase.\necho \"SUCCESS\" > \"${SCRIPT_OUTPUT_FILE_0}\"\n";
			showEnvVarsInLog = 0;
		};
		337B9D92755F8548762BFD20 /* [CP] Embed Pods Frameworks */ = {
			isa = PBXShellScriptBuildPhase;
			buildActionMask = 2147483647;
			files = (
			);
			inputPaths = (
				"${SRCROOT}/Pods/Target Support Files/Pods-Noosphera-trainee-Noosphera-traineeTests/Pods-Noosphera-trainee-Noosphera-traineeTests-frameworks.sh",
				"${BUILT_PRODUCTS_DIR}/Alamofire/Alamofire.framework",
				"${BUILT_PRODUCTS_DIR}/SwiftyJSON/SwiftyJSON.framework",
			);
			name = "[CP] Embed Pods Frameworks";
			outputPaths = (
				"${TARGET_BUILD_DIR}/${FRAMEWORKS_FOLDER_PATH}/Alamofire.framework",
				"${TARGET_BUILD_DIR}/${FRAMEWORKS_FOLDER_PATH}/SwiftyJSON.framework",
			);
			runOnlyForDeploymentPostprocessing = 0;
			shellPath = /bin/sh;
			shellScript = "\"${SRCROOT}/Pods/Target Support Files/Pods-Noosphera-traineeTests/Pods-Noosphera-traineeTests-frameworks.sh\"\n";
			showEnvVarsInLog = 0;
		};
		3C573E49384BDA6ED2E813C1 /* [CP] Copy Pods Resources */ = {
			isa = PBXShellScriptBuildPhase;
			buildActionMask = 2147483647;
			files = (
			);
			inputPaths = (
			);
			name = "[CP] Copy Pods Resources";
			outputPaths = (
			);
			runOnlyForDeploymentPostprocessing = 0;
			shellPath = /bin/sh;
			shellScript = "\"${SRCROOT}/Pods/Target Support Files/Pods-Noosphera-trainee/Pods-Noosphera-trainee-resources.sh\"\n";
			showEnvVarsInLog = 0;
		};
		60681E2C0E179B3DB1B786F8 /* [CP] Embed Pods Frameworks */ = {
			isa = PBXShellScriptBuildPhase;
			buildActionMask = 2147483647;
			files = (
			);
			inputPaths = (
				"${SRCROOT}/Pods/Target Support Files/Pods-Noosphera-trainee/Pods-Noosphera-trainee-frameworks.sh",
				"${BUILT_PRODUCTS_DIR}/Alamofire/Alamofire.framework",
				"${BUILT_PRODUCTS_DIR}/SwiftyJSON/SwiftyJSON.framework",
			);
			name = "[CP] Embed Pods Frameworks";
			outputPaths = (
				"${TARGET_BUILD_DIR}/${FRAMEWORKS_FOLDER_PATH}/Alamofire.framework",
				"${TARGET_BUILD_DIR}/${FRAMEWORKS_FOLDER_PATH}/SwiftyJSON.framework",
			);
			runOnlyForDeploymentPostprocessing = 0;
			shellPath = /bin/sh;
			shellScript = "\"${SRCROOT}/Pods/Target Support Files/Pods-Noosphera-trainee/Pods-Noosphera-trainee-frameworks.sh\"\n";
			showEnvVarsInLog = 0;
		};
		85EB7B21B6AFAFF24340EDA0 /* [CP] Check Pods Manifest.lock */ = {
			isa = PBXShellScriptBuildPhase;
			buildActionMask = 2147483647;
			files = (
			);
			inputPaths = (
				"${PODS_PODFILE_DIR_PATH}/Podfile.lock",
				"${PODS_ROOT}/Manifest.lock",
			);
			name = "[CP] Check Pods Manifest.lock";
			outputPaths = (
				"$(DERIVED_FILE_DIR)/Pods-Noosphera-traineeTests-checkManifestLockResult.txt",
			);
			runOnlyForDeploymentPostprocessing = 0;
			shellPath = /bin/sh;
			shellScript = "diff \"${PODS_PODFILE_DIR_PATH}/Podfile.lock\" \"${PODS_ROOT}/Manifest.lock\" > /dev/null\nif [ $? != 0 ] ; then\n    # print error to STDERR\n    echo \"error: The sandbox is not in sync with the Podfile.lock. Run 'pod install' or update your CocoaPods installation.\" >&2\n    exit 1\nfi\n# This output is used by Xcode 'outputs' to avoid re-running this script phase.\necho \"SUCCESS\" > \"${SCRIPT_OUTPUT_FILE_0}\"\n";
			showEnvVarsInLog = 0;
		};
		9E1208259D6FCC45ADB5DED1 /* [CP] Copy Pods Resources */ = {
			isa = PBXShellScriptBuildPhase;
			buildActionMask = 2147483647;
			files = (
			);
			inputPaths = (
			);
			name = "[CP] Copy Pods Resources";
			outputPaths = (
			);
			runOnlyForDeploymentPostprocessing = 0;
			shellPath = /bin/sh;
			shellScript = "\"${SRCROOT}/Pods/Target Support Files/Pods-Noosphera-traineeUITests/Pods-Noosphera-traineeUITests-resources.sh\"\n";
			showEnvVarsInLog = 0;
		};
		E69982D945E75050A7881DAB /* [CP] Embed Pods Frameworks */ = {
			isa = PBXShellScriptBuildPhase;
			buildActionMask = 2147483647;
			files = (
			);
			inputPaths = (
			);
			name = "[CP] Embed Pods Frameworks";
			outputPaths = (
			);
			runOnlyForDeploymentPostprocessing = 0;
			shellPath = /bin/sh;
			shellScript = "\"${SRCROOT}/Pods/Target Support Files/Pods-Noosphera-traineeUITests/Pods-Noosphera-traineeUITests-frameworks.sh\"\n";
			showEnvVarsInLog = 0;
		};
/* End PBXShellScriptBuildPhase section */

/* Begin PBXSourcesBuildPhase section */
		DD4B2986205BBA3B00E159AF /* Sources */ = {
			isa = PBXSourcesBuildPhase;
			buildActionMask = 2147483647;
			files = (
				DD92AD85205F081E00E6281A /* TabBarVC.swift in Sources */,
				DDDF115B205F0BE200D7FCAA /* MainQuestionsVC.swift in Sources */,
				DD4B2996205BBA3B00E159AF /* Noosphera_trainee.xcdatamodeld in Sources */,
				DD92AD6F205E971D00E6281A /* Reachability.swift in Sources */,
				DD4B29BF205BBAD000E159AF /* AuthorizationVC.swift in Sources */,
				DD92AD6D205E8BEB00E6281A /* Requests.swift in Sources */,
				DD92AD7D205ED2DE00E6281A /* Alerts.swift in Sources */,
				DD4B298E205BBA3B00E159AF /* AppDelegate.swift in Sources */,
			);
			runOnlyForDeploymentPostprocessing = 0;
		};
		DD4B299D205BBA3B00E159AF /* Sources */ = {
			isa = PBXSourcesBuildPhase;
			buildActionMask = 2147483647;
			files = (
				DD4B29A6205BBA3B00E159AF /* Noosphera_traineeTests.swift in Sources */,
			);
			runOnlyForDeploymentPostprocessing = 0;
		};
		DD4B29A8205BBA3B00E159AF /* Sources */ = {
			isa = PBXSourcesBuildPhase;
			buildActionMask = 2147483647;
			files = (
				DD4B29B1205BBA3B00E159AF /* Noosphera_traineeUITests.swift in Sources */,
			);
			runOnlyForDeploymentPostprocessing = 0;
		};
/* End PBXSourcesBuildPhase section */

/* Begin PBXTargetDependency section */
		DD4B29A3205BBA3B00E159AF /* PBXTargetDependency */ = {
			isa = PBXTargetDependency;
			target = DD4B2989205BBA3B00E159AF /* Noosphera-trainee */;
			targetProxy = DD4B29A2205BBA3B00E159AF /* PBXContainerItemProxy */;
		};
		DD4B29AE205BBA3B00E159AF /* PBXTargetDependency */ = {
			isa = PBXTargetDependency;
			target = DD4B2989205BBA3B00E159AF /* Noosphera-trainee */;
			targetProxy = DD4B29AD205BBA3B00E159AF /* PBXContainerItemProxy */;
		};
/* End PBXTargetDependency section */

/* Begin PBXVariantGroup section */
		DD4B2991205BBA3B00E159AF /* Main.storyboard */ = {
			isa = PBXVariantGroup;
			children = (
				DD4B2992205BBA3B00E159AF /* Base */,
				DD92AD70205E9B5600E6281A /* ru */,
				DD92AD73205EB1C800E6281A /* en */,
			);
			name = Main.storyboard;
			sourceTree = "<group>";
		};
		DD4B2999205BBA3B00E159AF /* LaunchScreen.storyboard */ = {
			isa = PBXVariantGroup;
			children = (
				DD4B299A205BBA3B00E159AF /* Base */,
				DD92AD71205E9B5600E6281A /* ru */,
			);
			name = LaunchScreen.storyboard;
			sourceTree = "<group>";
		};
		DD92AD82205ED45A00E6281A /* Localizable.strings */ = {
			isa = PBXVariantGroup;
			children = (
				DD92AD81205ED45A00E6281A /* en */,
				DD92AD83205ED45B00E6281A /* ru */,
			);
			name = Localizable.strings;
			sourceTree = "<group>";
		};
/* End PBXVariantGroup section */

/* Begin XCBuildConfiguration section */
		DD4B29B3205BBA3B00E159AF /* Debug */ = {
			isa = XCBuildConfiguration;
			buildSettings = {
				ALWAYS_SEARCH_USER_PATHS = NO;
				CLANG_ANALYZER_LOCALIZABILITY_NONLOCALIZED = YES;
				CLANG_ANALYZER_NONNULL = YES;
				CLANG_ANALYZER_NUMBER_OBJECT_CONVERSION = YES_AGGRESSIVE;
				CLANG_CXX_LANGUAGE_STANDARD = "gnu++14";
				CLANG_CXX_LIBRARY = "libc++";
				CLANG_ENABLE_MODULES = YES;
				CLANG_ENABLE_OBJC_ARC = YES;
				CLANG_WARN_BLOCK_CAPTURE_AUTORELEASING = YES;
				CLANG_WARN_BOOL_CONVERSION = YES;
				CLANG_WARN_COMMA = YES;
				CLANG_WARN_CONSTANT_CONVERSION = YES;
				CLANG_WARN_DIRECT_OBJC_ISA_USAGE = YES_ERROR;
				CLANG_WARN_DOCUMENTATION_COMMENTS = YES;
				CLANG_WARN_EMPTY_BODY = YES;
				CLANG_WARN_ENUM_CONVERSION = YES;
				CLANG_WARN_INFINITE_RECURSION = YES;
				CLANG_WARN_INT_CONVERSION = YES;
				CLANG_WARN_NON_LITERAL_NULL_CONVERSION = YES;
				CLANG_WARN_OBJC_LITERAL_CONVERSION = YES;
				CLANG_WARN_OBJC_ROOT_CLASS = YES_ERROR;
				CLANG_WARN_RANGE_LOOP_ANALYSIS = YES;
				CLANG_WARN_STRICT_PROTOTYPES = YES;
				CLANG_WARN_SUSPICIOUS_MOVE = YES;
				CLANG_WARN_UNGUARDED_AVAILABILITY = YES_AGGRESSIVE;
				CLANG_WARN_UNREACHABLE_CODE = YES;
				CLANG_WARN__DUPLICATE_METHOD_MATCH = YES;
				CODE_SIGN_IDENTITY = "iPhone Developer";
				COPY_PHASE_STRIP = NO;
				DEBUG_INFORMATION_FORMAT = dwarf;
				ENABLE_STRICT_OBJC_MSGSEND = YES;
				ENABLE_TESTABILITY = YES;
				GCC_C_LANGUAGE_STANDARD = gnu11;
				GCC_DYNAMIC_NO_PIC = NO;
				GCC_NO_COMMON_BLOCKS = YES;
				GCC_OPTIMIZATION_LEVEL = 0;
				GCC_PREPROCESSOR_DEFINITIONS = (
					"DEBUG=1",
					"$(inherited)",
				);
				GCC_WARN_64_TO_32_BIT_CONVERSION = YES;
				GCC_WARN_ABOUT_RETURN_TYPE = YES_ERROR;
				GCC_WARN_UNDECLARED_SELECTOR = YES;
				GCC_WARN_UNINITIALIZED_AUTOS = YES_AGGRESSIVE;
				GCC_WARN_UNUSED_FUNCTION = YES;
				GCC_WARN_UNUSED_VARIABLE = YES;
				IPHONEOS_DEPLOYMENT_TARGET = 11.2;
				MTL_ENABLE_DEBUG_INFO = YES;
				ONLY_ACTIVE_ARCH = YES;
				SDKROOT = iphoneos;
				SWIFT_ACTIVE_COMPILATION_CONDITIONS = DEBUG;
				SWIFT_OPTIMIZATION_LEVEL = "-Onone";
			};
			name = Debug;
		};
		DD4B29B4205BBA3B00E159AF /* Release */ = {
			isa = XCBuildConfiguration;
			buildSettings = {
				ALWAYS_SEARCH_USER_PATHS = NO;
				CLANG_ANALYZER_LOCALIZABILITY_NONLOCALIZED = YES;
				CLANG_ANALYZER_NONNULL = YES;
				CLANG_ANALYZER_NUMBER_OBJECT_CONVERSION = YES_AGGRESSIVE;
				CLANG_CXX_LANGUAGE_STANDARD = "gnu++14";
				CLANG_CXX_LIBRARY = "libc++";
				CLANG_ENABLE_MODULES = YES;
				CLANG_ENABLE_OBJC_ARC = YES;
				CLANG_WARN_BLOCK_CAPTURE_AUTORELEASING = YES;
				CLANG_WARN_BOOL_CONVERSION = YES;
				CLANG_WARN_COMMA = YES;
				CLANG_WARN_CONSTANT_CONVERSION = YES;
				CLANG_WARN_DIRECT_OBJC_ISA_USAGE = YES_ERROR;
				CLANG_WARN_DOCUMENTATION_COMMENTS = YES;
				CLANG_WARN_EMPTY_BODY = YES;
				CLANG_WARN_ENUM_CONVERSION = YES;
				CLANG_WARN_INFINITE_RECURSION = YES;
				CLANG_WARN_INT_CONVERSION = YES;
				CLANG_WARN_NON_LITERAL_NULL_CONVERSION = YES;
				CLANG_WARN_OBJC_LITERAL_CONVERSION = YES;
				CLANG_WARN_OBJC_ROOT_CLASS = YES_ERROR;
				CLANG_WARN_RANGE_LOOP_ANALYSIS = YES;
				CLANG_WARN_STRICT_PROTOTYPES = YES;
				CLANG_WARN_SUSPICIOUS_MOVE = YES;
				CLANG_WARN_UNGUARDED_AVAILABILITY = YES_AGGRESSIVE;
				CLANG_WARN_UNREACHABLE_CODE = YES;
				CLANG_WARN__DUPLICATE_METHOD_MATCH = YES;
				CODE_SIGN_IDENTITY = "iPhone Developer";
				COPY_PHASE_STRIP = NO;
				DEBUG_INFORMATION_FORMAT = "dwarf-with-dsym";
				ENABLE_NS_ASSERTIONS = NO;
				ENABLE_STRICT_OBJC_MSGSEND = YES;
				GCC_C_LANGUAGE_STANDARD = gnu11;
				GCC_NO_COMMON_BLOCKS = YES;
				GCC_WARN_64_TO_32_BIT_CONVERSION = YES;
				GCC_WARN_ABOUT_RETURN_TYPE = YES_ERROR;
				GCC_WARN_UNDECLARED_SELECTOR = YES;
				GCC_WARN_UNINITIALIZED_AUTOS = YES_AGGRESSIVE;
				GCC_WARN_UNUSED_FUNCTION = YES;
				GCC_WARN_UNUSED_VARIABLE = YES;
				IPHONEOS_DEPLOYMENT_TARGET = 11.2;
				MTL_ENABLE_DEBUG_INFO = NO;
				SDKROOT = iphoneos;
				SWIFT_OPTIMIZATION_LEVEL = "-Owholemodule";
				VALIDATE_PRODUCT = YES;
			};
			name = Release;
		};
		DD4B29B6205BBA3B00E159AF /* Debug */ = {
			isa = XCBuildConfiguration;
			baseConfigurationReference = 92A4B631D6AA6245D9CD6FC3 /* Pods-Noosphera-trainee.debug.xcconfig */;
			buildSettings = {
				ASSETCATALOG_COMPILER_APPICON_NAME = AppIcon;
				CODE_SIGN_STYLE = Automatic;
				DEVELOPMENT_TEAM = Y99BXB85M4;
				INFOPLIST_FILE = "Noosphera-trainee/Info.plist";
				LD_RUNPATH_SEARCH_PATHS = "$(inherited) @executable_path/Frameworks";
				PRODUCT_BUNDLE_IDENTIFIER = "s.levkupchinov.Noosphera-trainee";
				PRODUCT_NAME = "$(TARGET_NAME)";
				SWIFT_VERSION = 4.0;
				TARGETED_DEVICE_FAMILY = "1,2";
			};
			name = Debug;
		};
		DD4B29B7205BBA3B00E159AF /* Release */ = {
			isa = XCBuildConfiguration;
			baseConfigurationReference = A3BAE3941207C1D8B88CFE01 /* Pods-Noosphera-trainee.release.xcconfig */;
			buildSettings = {
				ASSETCATALOG_COMPILER_APPICON_NAME = AppIcon;
				CODE_SIGN_STYLE = Automatic;
				DEVELOPMENT_TEAM = Y99BXB85M4;
				INFOPLIST_FILE = "Noosphera-trainee/Info.plist";
				LD_RUNPATH_SEARCH_PATHS = "$(inherited) @executable_path/Frameworks";
				PRODUCT_BUNDLE_IDENTIFIER = "s.levkupchinov.Noosphera-trainee";
				PRODUCT_NAME = "$(TARGET_NAME)";
				SWIFT_VERSION = 4.0;
				TARGETED_DEVICE_FAMILY = "1,2";
			};
			name = Release;
		};
		DD4B29B9205BBA3B00E159AF /* Debug */ = {
			isa = XCBuildConfiguration;
			baseConfigurationReference = 463B0EFCC5891A41F051746B /* Pods-Noosphera-traineeTests.debug.xcconfig */;
			buildSettings = {
				ALWAYS_EMBED_SWIFT_STANDARD_LIBRARIES = YES;
				BUNDLE_LOADER = "$(TEST_HOST)";
				CODE_SIGN_STYLE = Automatic;
				DEVELOPMENT_TEAM = Y99BXB85M4;
				INFOPLIST_FILE = "Noosphera-traineeTests/Info.plist";
				LD_RUNPATH_SEARCH_PATHS = "$(inherited) @executable_path/Frameworks @loader_path/Frameworks";
				PRODUCT_BUNDLE_IDENTIFIER = "s.levkupchinov.Noosphera-traineeTests";
				PRODUCT_NAME = "$(TARGET_NAME)";
				SWIFT_VERSION = 4.0;
				TARGETED_DEVICE_FAMILY = "1,2";
				TEST_HOST = "$(BUILT_PRODUCTS_DIR)/Noosphera-trainee.app/Noosphera-trainee";
			};
			name = Debug;
		};
		DD4B29BA205BBA3B00E159AF /* Release */ = {
			isa = XCBuildConfiguration;
			baseConfigurationReference = 69FF33B8A8CF0B9EB44059E2 /* Pods-Noosphera-traineeTests.release.xcconfig */;
			buildSettings = {
				ALWAYS_EMBED_SWIFT_STANDARD_LIBRARIES = YES;
				BUNDLE_LOADER = "$(TEST_HOST)";
				CODE_SIGN_STYLE = Automatic;
				DEVELOPMENT_TEAM = Y99BXB85M4;
				INFOPLIST_FILE = "Noosphera-traineeTests/Info.plist";
				LD_RUNPATH_SEARCH_PATHS = "$(inherited) @executable_path/Frameworks @loader_path/Frameworks";
				PRODUCT_BUNDLE_IDENTIFIER = "s.levkupchinov.Noosphera-traineeTests";
				PRODUCT_NAME = "$(TARGET_NAME)";
				SWIFT_VERSION = 4.0;
				TARGETED_DEVICE_FAMILY = "1,2";
				TEST_HOST = "$(BUILT_PRODUCTS_DIR)/Noosphera-trainee.app/Noosphera-trainee";
			};
			name = Release;
		};
		DD4B29BC205BBA3B00E159AF /* Debug */ = {
			isa = XCBuildConfiguration;
			baseConfigurationReference = 14E859FB822A1BDFADCEC17A /* Pods-Noosphera-traineeUITests.debug.xcconfig */;
			buildSettings = {
				ALWAYS_EMBED_SWIFT_STANDARD_LIBRARIES = YES;
				CODE_SIGN_STYLE = Automatic;
				DEVELOPMENT_TEAM = Y99BXB85M4;
				INFOPLIST_FILE = "Noosphera-traineeUITests/Info.plist";
				LD_RUNPATH_SEARCH_PATHS = "$(inherited) @executable_path/Frameworks @loader_path/Frameworks";
				PRODUCT_BUNDLE_IDENTIFIER = "s.levkupchinov.Noosphera-traineeUITests";
				PRODUCT_NAME = "$(TARGET_NAME)";
				SWIFT_VERSION = 4.0;
				TARGETED_DEVICE_FAMILY = "1,2";
				TEST_TARGET_NAME = "Noosphera-trainee";
			};
			name = Debug;
		};
		DD4B29BD205BBA3B00E159AF /* Release */ = {
			isa = XCBuildConfiguration;
			baseConfigurationReference = 0C67CD381D62E08AF803945F /* Pods-Noosphera-traineeUITests.release.xcconfig */;
			buildSettings = {
				ALWAYS_EMBED_SWIFT_STANDARD_LIBRARIES = YES;
				CODE_SIGN_STYLE = Automatic;
				DEVELOPMENT_TEAM = Y99BXB85M4;
				INFOPLIST_FILE = "Noosphera-traineeUITests/Info.plist";
				LD_RUNPATH_SEARCH_PATHS = "$(inherited) @executable_path/Frameworks @loader_path/Frameworks";
				PRODUCT_BUNDLE_IDENTIFIER = "s.levkupchinov.Noosphera-traineeUITests";
				PRODUCT_NAME = "$(TARGET_NAME)";
				SWIFT_VERSION = 4.0;
				TARGETED_DEVICE_FAMILY = "1,2";
				TEST_TARGET_NAME = "Noosphera-trainee";
			};
			name = Release;
		};
/* End XCBuildConfiguration section */

/* Begin XCConfigurationList section */
		DD4B2985205BBA3B00E159AF /* Build configuration list for PBXProject "Noosphera-trainee" */ = {
			isa = XCConfigurationList;
			buildConfigurations = (
				DD4B29B3205BBA3B00E159AF /* Debug */,
				DD4B29B4205BBA3B00E159AF /* Release */,
			);
			defaultConfigurationIsVisible = 0;
			defaultConfigurationName = Release;
		};
		DD4B29B5205BBA3B00E159AF /* Build configuration list for PBXNativeTarget "Noosphera-trainee" */ = {
			isa = XCConfigurationList;
			buildConfigurations = (
				DD4B29B6205BBA3B00E159AF /* Debug */,
				DD4B29B7205BBA3B00E159AF /* Release */,
			);
			defaultConfigurationIsVisible = 0;
			defaultConfigurationName = Release;
		};
		DD4B29B8205BBA3B00E159AF /* Build configuration list for PBXNativeTarget "Noosphera-traineeTests" */ = {
			isa = XCConfigurationList;
			buildConfigurations = (
				DD4B29B9205BBA3B00E159AF /* Debug */,
				DD4B29BA205BBA3B00E159AF /* Release */,
			);
			defaultConfigurationIsVisible = 0;
			defaultConfigurationName = Release;
		};
		DD4B29BB205BBA3B00E159AF /* Build configuration list for PBXNativeTarget "Noosphera-traineeUITests" */ = {
			isa = XCConfigurationList;
			buildConfigurations = (
				DD4B29BC205BBA3B00E159AF /* Debug */,
				DD4B29BD205BBA3B00E159AF /* Release */,
			);
			defaultConfigurationIsVisible = 0;
			defaultConfigurationName = Release;
		};
/* End XCConfigurationList section */

/* Begin XCVersionGroup section */
		DD4B2994205BBA3B00E159AF /* Noosphera_trainee.xcdatamodeld */ = {
			isa = XCVersionGroup;
			children = (
				DD4B2995205BBA3B00E159AF /* Noosphera_trainee.xcdatamodel */,
			);
			currentVersion = DD4B2995205BBA3B00E159AF /* Noosphera_trainee.xcdatamodel */;
			path = Noosphera_trainee.xcdatamodeld;
			sourceTree = "<group>";
			versionGroupType = wrapper.xcdatamodel;
		};
/* End XCVersionGroup section */
	};
	rootObject = DD4B2982205BBA3B00E159AF /* Project object */;
}
